// !$*UTF8*$!
{
	archiveVersion = 1;
	classes = {
	};
	objectVersion = 46;
	objects = {

/* Begin PBXBuildFile section */
		062DE4CE154B3E18008B0B68 /* Cocoa.framework in Frameworks */ = {isa = PBXBuildFile; fileRef = 062DE4CD154B3E18008B0B68 /* Cocoa.framework */; };
		062DE4D8154B3E18008B0B68 /* InfoPlist.strings in Resources */ = {isa = PBXBuildFile; fileRef = 062DE4D6154B3E18008B0B68 /* InfoPlist.strings */; };
		062DE4DA154B3E18008B0B68 /* main.m in Sources */ = {isa = PBXBuildFile; fileRef = 062DE4D9154B3E18008B0B68 /* main.m */; };
		062DE4DE154B3E18008B0B68 /* Credits.rtf in Resources */ = {isa = PBXBuildFile; fileRef = 062DE4DC154B3E18008B0B68 /* Credits.rtf */; };
		062DE4E1154B3E18008B0B68 /* CrapAppDelegate.m in Sources */ = {isa = PBXBuildFile; fileRef = 062DE4E0154B3E18008B0B68 /* CrapAppDelegate.m */; };
		062DE4E4154B3E18008B0B68 /* MainMenu.xib in Resources */ = {isa = PBXBuildFile; fileRef = 062DE4E2154B3E18008B0B68 /* MainMenu.xib */; };
/* End PBXBuildFile section */

/* Begin PBXFileReference section */
		062DE4C9154B3E18008B0B68 /* crap.app */ = {isa = PBXFileReference; explicitFileType = wrapper.application; includeInIndex = 0; path = crap.app; sourceTree = BUILT_PRODUCTS_DIR; };
		062DE4CD154B3E18008B0B68 /* Cocoa.framework */ = {isa = PBXFileReference; lastKnownFileType = wrapper.framework; name = Cocoa.framework; path = System/Library/Frameworks/Cocoa.framework; sourceTree = SDKROOT; };
		062DE4D0154B3E18008B0B68 /* AppKit.framework */ = {isa = PBXFileReference; lastKnownFileType = wrapper.framework; name = AppKit.framework; path = System/Library/Frameworks/AppKit.framework; sourceTree = SDKROOT; };
		062DE4D1154B3E18008B0B68 /* CoreData.framework */ = {isa = PBXFileReference; lastKnownFileType = wrapper.framework; name = CoreData.framework; path = System/Library/Frameworks/CoreData.framework; sourceTree = SDKROOT; };
		062DE4D2154B3E18008B0B68 /* Foundation.framework */ = {isa = PBXFileReference; lastKnownFileType = wrapper.framework; name = Foundation.framework; path = System/Library/Frameworks/Foundation.framework; sourceTree = SDKROOT; };
		062DE4D5154B3E18008B0B68 /* crap-Info.plist */ = {isa = PBXFileReference; path = "crap-Info.plist"; sourceTree = "<group>"; };
		062DE4D7154B3E18008B0B68 /* en */ = {isa = PBXFileReference; lastKnownFileType = text.plist.strings; name = en; path = en.lproj/InfoPlist.strings; sourceTree = "<group>"; };
		062DE4D9154B3E18008B0B68 /* main.m */ = {isa = PBXFileReference; lastKnownFileType = sourcecode.c.objc; path = main.m; sourceTree = "<group>"; };
		062DE4DB154B3E18008B0B68 /* crap-Prefix.pch */ = {isa = PBXFileReference; path = "crap-Prefix.pch"; sourceTree = "<group>"; };
		062DE4DD154B3E18008B0B68 /* en */ = {isa = PBXFileReference; lastKnownFileType = text.rtf; name = en; path = en.lproj/Credits.rtf; sourceTree = "<group>"; };
		062DE4DF154B3E18008B0B68 /* CrapAppDelegate.h */ = {isa = PBXFileReference; path = CrapAppDelegate.h; sourceTree = "<group>"; };
		062DE4E0154B3E18008B0B68 /* CrapAppDelegate.m */ = {isa = PBXFileReference; lastKnownFileType = sourcecode.c.objc; path = CrapAppDelegate.m; sourceTree = "<group>"; };
		062DE4E3154B3E18008B0B68 /* en */ = {isa = PBXFileReference; lastKnownFileType = file.xib; name = en; path = en.lproj/MainMenu.xib; sourceTree = "<group>"; };
/* End PBXFileReference section */

/* Begin PBXFrameworksBuildPhase section */
		062DE4C6154B3E18008B0B68 /* Frameworks */ = {
			isa = PBXFrameworksBuildPhase;
			buildActionMask = 2147483647;
			files = (
				062DE4CE154B3E18008B0B68 /* Cocoa.framework in Frameworks */,
			);
			runOnlyForDeploymentPostprocessing = 0;
		};
/* End PBXFrameworksBuildPhase section */

/* Begin PBXGroup section */
		062DE4BE154B3E18008B0B68 = {
			isa = PBXGroup;
			children = (
				062DE4D3154B3E18008B0B68 /* crap */,
				062DE4CC154B3E18008B0B68 /* Frameworks */,
				062DE4CA154B3E18008B0B68 /* Products */,
			);
			sourceTree = "<group>";
		};
		062DE4CA154B3E18008B0B68 /* Products */ = {
			isa = PBXGroup;
			children = (
				062DE4C9154B3E18008B0B68 /* crap.app */,
			);
			name = Products;
			sourceTree = "<group>";
		};
		062DE4CC154B3E18008B0B68 /* Frameworks */ = {
			isa = PBXGroup;
			children = (
				062DE4CD154B3E18008B0B68 /* Cocoa.framework */,
				062DE4CF154B3E18008B0B68 /* Other Frameworks */,
			);
			name = Frameworks;
			sourceTree = "<group>";
		};
		062DE4CF154B3E18008B0B68 /* Other Frameworks */ = {
			isa = PBXGroup;
			children = (
				062DE4D0154B3E18008B0B68 /* AppKit.framework */,
				062DE4D1154B3E18008B0B68 /* CoreData.framework */,
				062DE4D2154B3E18008B0B68 /* Foundation.framework */,
			);
			name = "Other Frameworks";
			sourceTree = "<group>";
		};
		062DE4D3154B3E18008B0B68 /* crap */ = {
			isa = PBXGroup;
			children = (
				062DE4DF154B3E18008B0B68 /* CrapAppDelegate.h */,
				062DE4E0154B3E18008B0B68 /* CrapAppDelegate.m */,
				062DE4E2154B3E18008B0B68 /* MainMenu.xib */,
				062DE4D4154B3E18008B0B68 /* Supporting Files */,
			);
			path = crap;
			sourceTree = "<group>";
		};
		062DE4D4154B3E18008B0B68 /* Supporting Files */ = {
			isa = PBXGroup;
			children = (
				062DE4D5154B3E18008B0B68 /* crap-Info.plist */,
				062DE4D6154B3E18008B0B68 /* InfoPlist.strings */,
				062DE4D9154B3E18008B0B68 /* main.m */,
				062DE4DB154B3E18008B0B68 /* crap-Prefix.pch */,
				062DE4DC154B3E18008B0B68 /* Credits.rtf */,
			);
			name = "Supporting Files";
			sourceTree = "<group>";
		};
/* End PBXGroup section */

/* Begin PBXNativeTarget section */
		062DE4C8154B3E18008B0B68 /* crap */ = {
			isa = PBXNativeTarget;
			buildConfigurationList = 062DE4E7154B3E18008B0B68 /* Build configuration list for PBXNativeTarget "crap" */;
			buildPhases = (
				062DE4C5154B3E18008B0B68 /* Sources */,
				062DE4C6154B3E18008B0B68 /* Frameworks */,
				062DE4C7154B3E18008B0B68 /* Resources */,
			);
			buildRules = (
			);
			dependencies = (
			);
			name = crap;
			productName = crap;
			productReference = 062DE4C9154B3E18008B0B68 /* crap.app */;
			productType = "com.apple.product-type.application";
		};
/* End PBXNativeTarget section */

/* Begin PBXProject section */
		062DE4C0154B3E18008B0B68 /* Project object */ = {
			isa = PBXProject;
			attributes = {
				LastUpgradeCheck = 0420;
				ORGANIZATIONNAME = "8th Light";
			};
			buildConfigurationList = 062DE4C3154B3E18008B0B68 /* Build configuration list for PBXProject "crap" */;
			compatibilityVersion = "Xcode 3.2";
			developmentRegion = English;
			hasScannedForEncodings = 0;
			knownRegions = (
				en,
			);
			mainGroup = 062DE4BE154B3E18008B0B68;
			productRefGroup = 062DE4CA154B3E18008B0B68 /* Products */;
			projectDirPath = "";
			projectRoot = "";
			targets = (
				062DE4C8154B3E18008B0B68 /* crap */,
			);
		};
/* End PBXProject section */

/* Begin PBXResourcesBuildPhase section */
		062DE4C7154B3E18008B0B68 /* Resources */ = {
			isa = PBXResourcesBuildPhase;
			buildActionMask = 2147483647;
			files = (
				062DE4D8154B3E18008B0B68 /* InfoPlist.strings in Resources */,
				062DE4DE154B3E18008B0B68 /* Credits.rtf in Resources */,
				062DE4E4154B3E18008B0B68 /* MainMenu.xib in Resources */,
			);
			runOnlyForDeploymentPostprocessing = 0;
		};
/* End PBXResourcesBuildPhase section */

/* Begin PBXSourcesBuildPhase section */
		062DE4C5154B3E18008B0B68 /* Sources */ = {
			isa = PBXSourcesBuildPhase;
			buildActionMask = 2147483647;
			files = (
				062DE4DA154B3E18008B0B68 /* main.m in Sources */,
				062DE4E1154B3E18008B0B68 /* CrapAppDelegate.m in Sources */,
			);
			runOnlyForDeploymentPostprocessing = 0;
		};
/* End PBXSourcesBuildPhase section */

/* Begin PBXVariantGroup section */
		062DE4D6154B3E18008B0B68 /* InfoPlist.strings */ = {
			isa = PBXVariantGroup;
			children = (
				062DE4D7154B3E18008B0B68 /* en */,
			);
			name = InfoPlist.strings;
			sourceTree = "<group>";
		};
		062DE4DC154B3E18008B0B68 /* Credits.rtf */ = {
			isa = PBXVariantGroup;
			children = (
				062DE4DD154B3E18008B0B68 /* en */,
			);
			name = Credits.rtf;
			sourceTree = "<group>";
		};
		062DE4E2154B3E18008B0B68 /* MainMenu.xib */ = {
			isa = PBXVariantGroup;
			children = (
				062DE4E3154B3E18008B0B68 /* en */,
			);
			name = MainMenu.xib;
			sourceTree = "<group>";
		};
/* End PBXVariantGroup section */

/* Begin XCBuildConfiguration section */
		062DE4E5154B3E18008B0B68 /* Debug */ = {
			isa = XCBuildConfiguration;
			buildSettings = {
				ALWAYS_SEARCH_USER_PATHS = NO;
				ARCHS = "$(ARCHS_STANDARD_64_BIT)";
				CLANG_ENABLE_OBJC_ARC = YES;
				COPY_PHASE_STRIP = NO;
				GCC_C_LANGUAGE_STANDARD = gnu99;
				GCC_DYNAMIC_NO_PIC = NO;
				GCC_ENABLE_OBJC_EXCEPTIONS = YES;
				GCC_OPTIMIZATION_LEVEL = 0;
				GCC_PREPROCESSOR_DEFINITIONS = (
					"DEBUG=1",
					"$(inherited)",
				);
				GCC_SYMBOLS_PRIVATE_EXTERN = NO;
				GCC_VERSION = com.apple.compilers.llvm.clang.1_0;
				GCC_WARN_64_TO_32_BIT_CONVERSION = YES;
				GCC_WARN_ABOUT_MISSING_PROTOTYPES = YES;
				GCC_WARN_ABOUT_RETURN_TYPE = YES;
				GCC_WARN_UNUSED_VARIABLE = YES;
				MACOSX_DEPLOYMENT_TARGET = 10.7;
				ONLY_ACTIVE_ARCH = YES;
				SDKROOT = macosx;
			};
			name = Debug;
		};
		062DE4E6154B3E18008B0B68 /* Release */ = {
			isa = XCBuildConfiguration;
			buildSettings = {
				ALWAYS_SEARCH_USER_PATHS = NO;
				ARCHS = "$(ARCHS_STANDARD_64_BIT)";
				CLANG_ENABLE_OBJC_ARC = YES;
				COPY_PHASE_STRIP = YES;
				DEBUG_INFORMATION_FORMAT = "dwarf-with-dsym";
				GCC_C_LANGUAGE_STANDARD = gnu99;
				GCC_ENABLE_OBJC_EXCEPTIONS = YES;
				GCC_VERSION = com.apple.compilers.llvm.clang.1_0;
				GCC_WARN_64_TO_32_BIT_CONVERSION = YES;
				GCC_WARN_ABOUT_MISSING_PROTOTYPES = YES;
				GCC_WARN_ABOUT_RETURN_TYPE = YES;
				GCC_WARN_UNUSED_VARIABLE = YES;
				MACOSX_DEPLOYMENT_TARGET = 10.7;
				SDKROOT = macosx;
			};
			name = Release;
		};
		062DE4E8154B3E18008B0B68 /* Debug */ = {
			isa = XCBuildConfiguration;
			buildSettings = {
				GCC_PRECOMPILE_PREFIX_HEADER = YES;
				GCC_PREFIX_HEADER = "crap/crap-Prefix.pch";
				INFOPLIST_FILE = "crap/crap-Info.plist";
				PRODUCT_NAME = "$(TARGET_NAME)";
				WRAPPER_EXTENSION = app;
			};
			name = Debug;
		};
		062DE4E9154B3E18008B0B68 /* Release */ = {
			isa = XCBuildConfiguration;
			buildSettings = {
				GCC_PRECOMPILE_PREFIX_HEADER = YES;
				GCC_PREFIX_HEADER = "crap/crap-Prefix.pch";
				INFOPLIST_FILE = "crap/crap-Info.plist";
				PRODUCT_NAME = "$(TARGET_NAME)";
				WRAPPER_EXTENSION = app;
			};
			name = Release;
		};
/* End XCBuildConfiguration section */

/* Begin XCConfigurationList section */
		062DE4C3154B3E18008B0B68 /* Build configuration list for PBXProject "crap" */ = {
			isa = XCConfigurationList;
			buildConfigurations = (
				062DE4E5154B3E18008B0B68 /* Debug */,
				062DE4E6154B3E18008B0B68 /* Release */,
			);
			defaultConfigurationIsVisible = 0;
			defaultConfigurationName = Release;
		};
		062DE4E7154B3E18008B0B68 /* Build configuration list for PBXNativeTarget "crap" */ = {
			isa = XCConfigurationList;
			buildConfigurations = (
				062DE4E8154B3E18008B0B68 /* Debug */,
				062DE4E9154B3E18008B0B68 /* Release */,
			);
			defaultConfigurationIsVisible = 0;
		};
/* End XCConfigurationList section */
	};
	rootObject = 062DE4C0154B3E18008B0B68 /* Project object */;
}
